
Microsoft Visual Studio Solution File, Format Version 12.00
# Visual Studio Version 16
VisualStudioVersion = 16.0.32802.440
MinimumVisualStudioVersion = 10.0.40219.1
Project("{FAE04EC0-301F-11D3-BF4B-00C04F79EFBC}") = "firstapp", "firstapp\firstapp.csproj", "{62C4CB8D-85D2-401C-ADE1-F3753A3BACB1}"
EndProject
Global
	GlobalSection(SolutionConfigurationPlatforms) = preSolution
		Debug|Any CPU = Debug|Any CPU
		Release|Any CPU = Release|Any CPU
	EndGlobalSection
	GlobalSection(ProjectConfigurationPlatforms) = postSolution
		{62C4CB8D-85D2-401C-ADE1-F3753A3BACB1}.Debug|Any CPU.ActiveCfg = Debug|Any CPU
		{62C4CB8D-85D2-401C-ADE1-F3753A3BACB1}.Debug|Any CPU.Build.0 = Debug|Any CPU
		{62C4CB8D-85D2-401C-ADE1-F3753A3BACB1}.Release|Any CPU.ActiveCfg = Release|Any CPU
		{62C4CB8D-85D2-401C-ADE1-F3753A3BACB1}.Release|Any CPU.Build.0 = Release|Any CPU
	EndGlobalSection
	GlobalSection(SolutionProperties) = preSolution
		HideSolutionNode = FALSE
	EndGlobalSection
	GlobalSection(ExtensibilityGlobals) = postSolution
		SolutionGuid = {422538E6-76B4-43FC-9046-7A2049366F5E}
	EndGlobalSection
EndGlobal
